// !$*UTF8*$!
{
	archiveVersion = 1;
	classes = {
	};
	objectVersion = 60;
	objects = {

/* Begin PBXBuildFile section */
		8A6F6B1C2D3E4F5000000001 /* CarbonListKitExampleApp.swift in Sources */ = {isa = PBXBuildFile; fileRef = 8A6F6B1C2D3E4F5000000011 /* CarbonListKitExampleApp.swift */; };
		8A6F6B1C2D3E4F5000000002 /* ContentView.swift in Sources */ = {isa = PBXBuildFile; fileRef = 8A6F6B1C2D3E4F5000000012 /* ContentView.swift */; };
		8A6F6B1C2D3E4F5000000003 /* SampleListViewController.swift in Sources */ = {isa = PBXBuildFile; fileRef = 8A6F6B1C2D3E4F5000000013 /* SampleListViewController.swift */; };
		8A6F6B1C2D3E4F5000000004 /* CarbonListKit in Frameworks */ = {isa = PBXBuildFile; productRef = 8A6F6B1C2D3E4F5000000031 /* CarbonListKit */; };
		8A6F6B1C2D3E4F500000000C /* Kingfisher in Frameworks */ = {isa = PBXBuildFile; productRef = 8A6F6B1C2D3E4F5000000032 /* Kingfisher */; };
		8A6F6B1C2D3E4F5000000005 /* ExampleListViewController.swift in Sources */ = {isa = PBXBuildFile; fileRef = 8A6F6B1C2D3E4F5000000014 /* ExampleListViewController.swift */; };
		8A6F6B1C2D3E4F5000000006 /* ArticleFeedExampleViewController.swift in Sources */ = {isa = PBXBuildFile; fileRef = 8A6F6B1C2D3E4F5000000015 /* ArticleFeedExampleViewController.swift */; };
		8A6F6B1C2D3E4F5000000007 /* InfiniteScrollExampleViewController.swift in Sources */ = {isa = PBXBuildFile; fileRef = 8A6F6B1C2D3E4F5000000016 /* InfiniteScrollExampleViewController.swift */; };
		8A6F6B1C2D3E4F500000001B /* PullToRefreshExampleViewController.swift in Sources */ = {isa = PBXBuildFile; fileRef = 8A6F6B1C2D3E4F500000001C /* PullToRefreshExampleViewController.swift */; };
			8A6F6B1C2D3E4F5000000008 /* KoreanCompleteExampleViewController.swift in Sources */ = {isa = PBXBuildFile; fileRef = 8A6F6B1C2D3E4F5000000017 /* KoreanCompleteExampleViewController.swift */; };
			8A6F6B1C2D3E4F5000000009 /* HeaderFooterExampleViewController.swift in Sources */ = {isa = PBXBuildFile; fileRef = 8A6F6B1C2D3E4F5000000018 /* HeaderFooterExampleViewController.swift */; };
			8A6F6B1C2D3E4F500000000A /* HeaderFooterDSLExampleViewController.swift in Sources */ = {isa = PBXBuildFile; fileRef = 8A6F6B1C2D3E4F5000000019 /* HeaderFooterDSLExampleViewController.swift */; };
			8A6F6B1C2D3E4F500000000B /* OrthogonalSectionExampleViewController.swift in Sources */ = {isa = PBXBuildFile; fileRef = 8A6F6B1C2D3E4F500000001A /* OrthogonalSectionExampleViewController.swift */; };
			DFC0DE012F94000000B2896F /* ComponentHeightExampleViewController.swift in Sources */ = {isa = PBXBuildFile; fileRef = DFC0DE002F94000000B2896F /* ComponentHeightExampleViewController.swift */; };
		DFBADD012F93A00000B2896F /* SwiftUICarbonListExampleView.swift in Sources */ = {isa = PBXBuildFile; fileRef = DFBADD002F93A00000B2896F /* SwiftUICarbonListExampleView.swift */; };
		DFADA1A92F9355AC00B2896F /* StudyVC.swift in Sources */ = {isa = PBXBuildFile; fileRef = DFADA1A82F9355AC00B2896F /* StudyVC.swift */; };
		DFE0ED0B2F934D3D00653226 /* PrefetchExampleViewController.swift in Sources */ = {isa = PBXBuildFile; fileRef = DFE0ED0A2F934D3D00653226 /* PrefetchExampleViewController.swift */; };
/* End PBXBuildFile section */

/* Begin PBXFileReference section */
		8A6F6B1C2D3E4F5000000010 /* CarbonListKitExample.app */ = {isa = PBXFileReference; explicitFileType = wrapper.application; includeInIndex = 0; path = CarbonListKitExample.app; sourceTree = BUILT_PRODUCTS_DIR; };
		8A6F6B1C2D3E4F5000000011 /* CarbonListKitExampleApp.swift */ = {isa = PBXFileReference; lastKnownFileType = sourcecode.swift; path = CarbonListKitExampleApp.swift; sourceTree = "<group>"; };
		8A6F6B1C2D3E4F5000000012 /* ContentView.swift */ = {isa = PBXFileReference; lastKnownFileType = sourcecode.swift; path = ContentView.swift; sourceTree = "<group>"; };
		8A6F6B1C2D3E4F5000000013 /* SampleListViewController.swift */ = {isa = PBXFileReference; lastKnownFileType = sourcecode.swift; path = SampleListViewController.swift; sourceTree = "<group>"; };
		8A6F6B1C2D3E4F5000000014 /* ExampleListViewController.swift */ = {isa = PBXFileReference; lastKnownFileType = sourcecode.swift; path = ExampleListViewController.swift; sourceTree = "<group>"; };
		8A6F6B1C2D3E4F5000000015 /* ArticleFeedExampleViewController.swift */ = {isa = PBXFileReference; lastKnownFileType = sourcecode.swift; path = ArticleFeedExampleViewController.swift; sourceTree = "<group>"; };
		8A6F6B1C2D3E4F5000000016 /* InfiniteScrollExampleViewController.swift */ = {isa = PBXFileReference; lastKnownFileType = sourcecode.swift; path = InfiniteScrollExampleViewController.swift; sourceTree = "<group>"; };
		8A6F6B1C2D3E4F500000001C /* PullToRefreshExampleViewController.swift */ = {isa = PBXFileReference; lastKnownFileType = sourcecode.swift; path = PullToRefreshExampleViewController.swift; sourceTree = "<group>"; };
		8A6F6B1C2D3E4F5000000017 /* KoreanCompleteExampleViewController.swift */ = {isa = PBXFileReference; lastKnownFileType = sourcecode.swift; path = KoreanCompleteExampleViewController.swift; sourceTree = "<group>"; };
			8A6F6B1C2D3E4F5000000018 /* HeaderFooterExampleViewController.swift */ = {isa = PBXFileReference; lastKnownFileType = sourcecode.swift; path = HeaderFooterExampleViewController.swift; sourceTree = "<group>"; };
			8A6F6B1C2D3E4F5000000019 /* HeaderFooterDSLExampleViewController.swift */ = {isa = PBXFileReference; lastKnownFileType = sourcecode.swift; path = HeaderFooterDSLExampleViewController.swift; sourceTree = "<group>"; };
			8A6F6B1C2D3E4F500000001A /* OrthogonalSectionExampleViewController.swift */ = {isa = PBXFileReference; lastKnownFileType = sourcecode.swift; path = OrthogonalSectionExampleViewController.swift; sourceTree = "<group>"; };
			DFC0DE002F94000000B2896F /* ComponentHeightExampleViewController.swift */ = {isa = PBXFileReference; lastKnownFileType = sourcecode.swift; path = ComponentHeightExampleViewController.swift; sourceTree = "<group>"; };
		DFBADD002F93A00000B2896F /* SwiftUICarbonListExampleView.swift */ = {isa = PBXFileReference; lastKnownFileType = sourcecode.swift; path = SwiftUICarbonListExampleView.swift; sourceTree = "<group>"; };
		DFADA1A82F9355AC00B2896F /* StudyVC.swift */ = {isa = PBXFileReference; lastKnownFileType = sourcecode.swift; path = StudyVC.swift; sourceTree = "<group>"; };
		DFE0ED0A2F934D3D00653226 /* PrefetchExampleViewController.swift */ = {isa = PBXFileReference; lastKnownFileType = sourcecode.swift; path = PrefetchExampleViewController.swift; sourceTree = "<group>"; };
/* End PBXFileReference section */

/* Begin PBXFrameworksBuildPhase section */
		8A6F6B1C2D3E4F5000000020 /* Frameworks */ = {
			isa = PBXFrameworksBuildPhase;
			buildActionMask = 2147483647;
			files = (
				8A6F6B1C2D3E4F5000000004 /* CarbonListKit in Frameworks */,
				8A6F6B1C2D3E4F500000000C /* Kingfisher in Frameworks */,
			);
			runOnlyForDeploymentPostprocessing = 0;
		};
/* End PBXFrameworksBuildPhase section */

/* Begin PBXGroup section */
		8A6F6B1C2D3E4F5000000040 = {
			isa = PBXGroup;
			children = (
				8A6F6B1C2D3E4F5000000041 /* CarbonListKitExample */,
				8A6F6B1C2D3E4F5000000042 /* Products */,
			);
			sourceTree = "<group>";
		};
		8A6F6B1C2D3E4F5000000041 /* CarbonListKitExample */ = {
			isa = PBXGroup;
			children = (
				8A6F6B1C2D3E4F5000000043 /* App */,
				8A6F6B1C2D3E4F5000000044 /* Examples */,
			);
			path = CarbonListKitExample;
			sourceTree = "<group>";
		};
		8A6F6B1C2D3E4F5000000043 /* App */ = {
			isa = PBXGroup;
			children = (
				8A6F6B1C2D3E4F5000000011 /* CarbonListKitExampleApp.swift */,
				8A6F6B1C2D3E4F5000000012 /* ContentView.swift */,
			);
			path = App;
			sourceTree = "<group>";
		};
		8A6F6B1C2D3E4F5000000044 /* Examples */ = {
			isa = PBXGroup;
			children = (
				DFE0ED0A2F934D3D00653226 /* PrefetchExampleViewController.swift */,
				DFADA1A82F9355AC00B2896F /* StudyVC.swift */,
				8A6F6B1C2D3E4F5000000014 /* ExampleListViewController.swift */,
				8A6F6B1C2D3E4F5000000013 /* SampleListViewController.swift */,
				8A6F6B1C2D3E4F5000000015 /* ArticleFeedExampleViewController.swift */,
				8A6F6B1C2D3E4F5000000016 /* InfiniteScrollExampleViewController.swift */,
				8A6F6B1C2D3E4F500000001C /* PullToRefreshExampleViewController.swift */,
					8A6F6B1C2D3E4F5000000018 /* HeaderFooterExampleViewController.swift */,
					8A6F6B1C2D3E4F5000000019 /* HeaderFooterDSLExampleViewController.swift */,
					8A6F6B1C2D3E4F500000001A /* OrthogonalSectionExampleViewController.swift */,
					DFC0DE002F94000000B2896F /* ComponentHeightExampleViewController.swift */,
					DFBADD002F93A00000B2896F /* SwiftUICarbonListExampleView.swift */,
					8A6F6B1C2D3E4F5000000017 /* KoreanCompleteExampleViewController.swift */,
			);
			path = Examples;
			sourceTree = "<group>";
		};
		8A6F6B1C2D3E4F5000000042 /* Products */ = {
			isa = PBXGroup;
			children = (
				8A6F6B1C2D3E4F5000000010 /* CarbonListKitExample.app */,
			);
			name = Products;
			sourceTree = "<group>";
		};
/* End PBXGroup section */

/* Begin PBXNativeTarget section */
		8A6F6B1C2D3E4F5000000050 /* CarbonListKitExample */ = {
			isa = PBXNativeTarget;
			buildConfigurationList = 8A6F6B1C2D3E4F5000000060 /* Build configuration list for PBXNativeTarget "CarbonListKitExample" */;
			buildPhases = (
				8A6F6B1C2D3E4F5000000051 /* Sources */,
				8A6F6B1C2D3E4F5000000020 /* Frameworks */,
				8A6F6B1C2D3E4F5000000052 /* Resources */,
			);
			buildRules = (
			);
			dependencies = (
			);
			name = CarbonListKitExample;
			packageProductDependencies = (
				8A6F6B1C2D3E4F5000000031 /* CarbonListKit */,
				8A6F6B1C2D3E4F5000000032 /* Kingfisher */,
			);
			productName = CarbonListKitExample;
			productReference = 8A6F6B1C2D3E4F5000000010 /* CarbonListKitExample.app */;
			productType = "com.apple.product-type.application";
		};
/* End PBXNativeTarget section */

/* Begin PBXProject section */
		8A6F6B1C2D3E4F5000000070 /* Project object */ = {
			isa = PBXProject;
			attributes = {
				BuildIndependentTargetsInParallel = 1;
				LastSwiftUpdateCheck = 2640;
				LastUpgradeCheck = 2640;
				TargetAttributes = {
					8A6F6B1C2D3E4F5000000050 = {
						CreatedOnToolsVersion = 26.4;
					};
				};
			};
			buildConfigurationList = 8A6F6B1C2D3E4F5000000080 /* Build configuration list for PBXProject "CarbonListKitExample" */;
			compatibilityVersion = "Xcode 14.0";
			developmentRegion = en;
			hasScannedForEncodings = 0;
			knownRegions = (
				en,
				Base,
			);
			mainGroup = 8A6F6B1C2D3E4F5000000040;
			packageReferences = (
				8A6F6B1C2D3E4F5000000030 /* XCLocalSwiftPackageReference "../" */,
				8A6F6B1C2D3E4F5000000033 /* XCRemoteSwiftPackageReference "Kingfisher" */,
			);
			productRefGroup = 8A6F6B1C2D3E4F5000000042 /* Products */;
			projectDirPath = "";
			projectRoot = "";
			targets = (
				8A6F6B1C2D3E4F5000000050 /* CarbonListKitExample */,
			);
		};
/* End PBXProject section */

/* Begin PBXResourcesBuildPhase section */
		8A6F6B1C2D3E4F5000000052 /* Resources */ = {
			isa = PBXResourcesBuildPhase;
			buildActionMask = 2147483647;
			files = (
			);
			runOnlyForDeploymentPostprocessing = 0;
		};
/* End PBXResourcesBuildPhase section */

/* Begin PBXSourcesBuildPhase section */
		8A6F6B1C2D3E4F5000000051 /* Sources */ = {
			isa = PBXSourcesBuildPhase;
			buildActionMask = 2147483647;
			files = (
				8A6F6B1C2D3E4F5000000001 /* CarbonListKitExampleApp.swift in Sources */,
				8A6F6B1C2D3E4F5000000002 /* ContentView.swift in Sources */,
				DFE0ED0B2F934D3D00653226 /* PrefetchExampleViewController.swift in Sources */,
				8A6F6B1C2D3E4F5000000005 /* ExampleListViewController.swift in Sources */,
				DFADA1A92F9355AC00B2896F /* StudyVC.swift in Sources */,
				8A6F6B1C2D3E4F5000000003 /* SampleListViewController.swift in Sources */,
				8A6F6B1C2D3E4F5000000006 /* ArticleFeedExampleViewController.swift in Sources */,
				8A6F6B1C2D3E4F5000000007 /* InfiniteScrollExampleViewController.swift in Sources */,
				8A6F6B1C2D3E4F500000001B /* PullToRefreshExampleViewController.swift in Sources */,
					8A6F6B1C2D3E4F5000000009 /* HeaderFooterExampleViewController.swift in Sources */,
					8A6F6B1C2D3E4F500000000A /* HeaderFooterDSLExampleViewController.swift in Sources */,
					8A6F6B1C2D3E4F500000000B /* OrthogonalSectionExampleViewController.swift in Sources */,
					DFC0DE012F94000000B2896F /* ComponentHeightExampleViewController.swift in Sources */,
					DFBADD012F93A00000B2896F /* SwiftUICarbonListExampleView.swift in Sources */,
				8A6F6B1C2D3E4F5000000008 /* KoreanCompleteExampleViewController.swift in Sources */,
			);
			runOnlyForDeploymentPostprocessing = 0;
		};
/* End PBXSourcesBuildPhase section */

/* Begin XCBuildConfiguration section */
		8A6F6B1C2D3E4F5000000061 /* Debug */ = {
			isa = XCBuildConfiguration;
			buildSettings = {
				ASSETCATALOG_COMPILER_GLOBAL_ACCENT_COLOR_NAME = AccentColor;
				CODE_SIGN_STYLE = Automatic;
				CURRENT_PROJECT_VERSION = 1;
				DEVELOPMENT_ASSET_PATHS = "";
				DEVELOPMENT_TEAM = LGX4B4WC66;
				ENABLE_PREVIEWS = YES;
				GENERATE_INFOPLIST_FILE = YES;
				INFOPLIST_KEY_CFBundleDisplayName = CarbonListKitExample;
				INFOPLIST_KEY_UIApplicationSceneManifest_Generation = YES;
				INFOPLIST_KEY_UIApplicationSupportsIndirectInputEvents = YES;
				INFOPLIST_KEY_UILaunchScreen_Generation = YES;
				INFOPLIST_KEY_UISupportedInterfaceOrientations_iPad = "UIInterfaceOrientationPortrait UIInterfaceOrientationPortraitUpsideDown UIInterfaceOrientationLandscapeLeft UIInterfaceOrientationLandscapeRight";
				INFOPLIST_KEY_UISupportedInterfaceOrientations_iPhone = "UIInterfaceOrientationPortrait UIInterfaceOrientationLandscapeLeft UIInterfaceOrientationLandscapeRight";
				IPHONEOS_DEPLOYMENT_TARGET = 16.0;
				LD_RUNPATH_SEARCH_PATHS = (
					"$(inherited)",
					"@executable_path/Frameworks",
				);
				MARKETING_VERSION = 1.0;
				PRODUCT_BUNDLE_IDENTIFIER = dev.carbonlistkit.example;
				PRODUCT_NAME = "$(TARGET_NAME)";
				SWIFT_EMIT_LOC_STRINGS = YES;
				SWIFT_VERSION = 5.0;
				TARGETED_DEVICE_FAMILY = "1,2";
			};
			name = Debug;
		};
		8A6F6B1C2D3E4F5000000062 /* Release */ = {
			isa = XCBuildConfiguration;
			buildSettings = {
				ASSETCATALOG_COMPILER_GLOBAL_ACCENT_COLOR_NAME = AccentColor;
				CODE_SIGN_STYLE = Automatic;
				CURRENT_PROJECT_VERSION = 1;
				DEVELOPMENT_ASSET_PATHS = "";
				DEVELOPMENT_TEAM = LGX4B4WC66;
				ENABLE_PREVIEWS = YES;
				GENERATE_INFOPLIST_FILE = YES;
				INFOPLIST_KEY_CFBundleDisplayName = CarbonListKitExample;
				INFOPLIST_KEY_UIApplicationSceneManifest_Generation = YES;
				INFOPLIST_KEY_UIApplicationSupportsIndirectInputEvents = YES;
				INFOPLIST_KEY_UILaunchScreen_Generation = YES;
				INFOPLIST_KEY_UISupportedInterfaceOrientations_iPad = "UIInterfaceOrientationPortrait UIInterfaceOrientationPortraitUpsideDown UIInterfaceOrientationLandscapeLeft UIInterfaceOrientationLandscapeRight";
				INFOPLIST_KEY_UISupportedInterfaceOrientations_iPhone = "UIInterfaceOrientationPortrait UIInterfaceOrientationLandscapeLeft UIInterfaceOrientationLandscapeRight";
				IPHONEOS_DEPLOYMENT_TARGET = 16.0;
				LD_RUNPATH_SEARCH_PATHS = (
					"$(inherited)",
					"@executable_path/Frameworks",
				);
				MARKETING_VERSION = 1.0;
				PRODUCT_BUNDLE_IDENTIFIER = dev.carbonlistkit.example;
				PRODUCT_NAME = "$(TARGET_NAME)";
				SWIFT_EMIT_LOC_STRINGS = YES;
				SWIFT_VERSION = 5.0;
				TARGETED_DEVICE_FAMILY = "1,2";
			};
			name = Release;
		};
		8A6F6B1C2D3E4F5000000081 /* Debug */ = {
			isa = XCBuildConfiguration;
			buildSettings = {
				ALWAYS_SEARCH_USER_PATHS = NO;
				CLANG_ANALYZER_NONNULL = YES;
				CLANG_ANALYZER_NUMBER_OBJECT_CONVERSION = YES_AGGRESSIVE;
				CLANG_CXX_LANGUAGE_STANDARD = "gnu++20";
				CLANG_ENABLE_MODULES = YES;
				CLANG_ENABLE_OBJC_ARC = YES;
				CLANG_ENABLE_OBJC_WEAK = YES;
				CLANG_WARN_BLOCK_CAPTURE_AUTORELEASING = YES;
				CLANG_WARN_BOOL_CONVERSION = YES;
				CLANG_WARN_COMMA = YES;
				CLANG_WARN_CONSTANT_CONVERSION = YES;
				CLANG_WARN_DEPRECATED_OBJC_IMPLEMENTATIONS = YES;
				CLANG_WARN_DIRECT_OBJC_ISA_USAGE = YES_ERROR;
				CLANG_WARN_DOCUMENTATION_COMMENTS = YES;
				CLANG_WARN_EMPTY_BODY = YES;
				CLANG_WARN_ENUM_CONVERSION = YES;
				CLANG_WARN_INFINITE_RECURSION = YES;
				CLANG_WARN_INT_CONVERSION = YES;
				CLANG_WARN_NON_LITERAL_NULL_CONVERSION = YES;
				CLANG_WARN_OBJC_IMPLICIT_RETAIN_SELF = YES;
				CLANG_WARN_OBJC_LITERAL_CONVERSION = YES;
				CLANG_WARN_OBJC_ROOT_CLASS = YES_ERROR;
				CLANG_WARN_QUOTED_INCLUDE_IN_FRAMEWORK_HEADER = YES;
				CLANG_WARN_RANGE_LOOP_ANALYSIS = YES;
				CLANG_WARN_STRICT_PROTOTYPES = YES;
				CLANG_WARN_SUSPICIOUS_MOVE = YES;
				CLANG_WARN_UNGUARDED_AVAILABILITY = YES_AGGRESSIVE;
				CLANG_WARN_UNREACHABLE_CODE = YES;
				CLANG_WARN__DUPLICATE_METHOD_MATCH = YES;
				COPY_PHASE_STRIP = NO;
				DEBUG_INFORMATION_FORMAT = dwarf;
				ENABLE_STRICT_OBJC_MSGSEND = YES;
				ENABLE_TESTABILITY = YES;
				ENABLE_USER_SCRIPT_SANDBOXING = YES;
				GCC_C_LANGUAGE_STANDARD = gnu17;
				GCC_DYNAMIC_NO_PIC = NO;
				GCC_NO_COMMON_BLOCKS = YES;
				GCC_OPTIMIZATION_LEVEL = 0;
				GCC_PREPROCESSOR_DEFINITIONS = (
					"DEBUG=1",
					"$(inherited)",
				);
				GCC_WARN_64_TO_32_BIT_CONVERSION = YES;
				GCC_WARN_ABOUT_RETURN_TYPE = YES_ERROR;
				GCC_WARN_UNDECLARED_SELECTOR = YES;
				GCC_WARN_UNINITIALIZED_AUTOS = YES_AGGRESSIVE;
				GCC_WARN_UNUSED_FUNCTION = YES;
				GCC_WARN_UNUSED_VARIABLE = YES;
				LOCALIZATION_PREFERS_STRING_CATALOGS = YES;
				MTL_ENABLE_DEBUG_INFO = INCLUDE_SOURCE;
				MTL_FAST_MATH = YES;
				ONLY_ACTIVE_ARCH = YES;
				SDKROOT = iphoneos;
				SWIFT_ACTIVE_COMPILATION_CONDITIONS = DEBUG;
				SWIFT_OPTIMIZATION_LEVEL = "-Onone";
			};
			name = Debug;
		};
		8A6F6B1C2D3E4F5000000082 /* Release */ = {
			isa = XCBuildConfiguration;
			buildSettings = {
				ALWAYS_SEARCH_USER_PATHS = NO;
				CLANG_ANALYZER_NONNULL = YES;
				CLANG_ANALYZER_NUMBER_OBJECT_CONVERSION = YES_AGGRESSIVE;
				CLANG_CXX_LANGUAGE_STANDARD = "gnu++20";
				CLANG_ENABLE_MODULES = YES;
				CLANG_ENABLE_OBJC_ARC = YES;
				CLANG_ENABLE_OBJC_WEAK = YES;
				CLANG_WARN_BLOCK_CAPTURE_AUTORELEASING = YES;
				CLANG_WARN_BOOL_CONVERSION = YES;
				CLANG_WARN_COMMA = YES;
				CLANG_WARN_CONSTANT_CONVERSION = YES;
				CLANG_WARN_DEPRECATED_OBJC_IMPLEMENTATIONS = YES;
				CLANG_WARN_DIRECT_OBJC_ISA_USAGE = YES_ERROR;
				CLANG_WARN_DOCUMENTATION_COMMENTS = YES;
				CLANG_WARN_EMPTY_BODY = YES;
				CLANG_WARN_ENUM_CONVERSION = YES;
				CLANG_WARN_INFINITE_RECURSION = YES;
				CLANG_WARN_INT_CONVERSION = YES;
				CLANG_WARN_NON_LITERAL_NULL_CONVERSION = YES;
				CLANG_WARN_OBJC_IMPLICIT_RETAIN_SELF = YES;
				CLANG_WARN_OBJC_LITERAL_CONVERSION = YES;
				CLANG_WARN_OBJC_ROOT_CLASS = YES_ERROR;
				CLANG_WARN_QUOTED_INCLUDE_IN_FRAMEWORK_HEADER = YES;
				CLANG_WARN_RANGE_LOOP_ANALYSIS = YES;
				CLANG_WARN_STRICT_PROTOTYPES = YES;
				CLANG_WARN_SUSPICIOUS_MOVE = YES;
				CLANG_WARN_UNGUARDED_AVAILABILITY = YES_AGGRESSIVE;
				CLANG_WARN_UNREACHABLE_CODE = YES;
				CLANG_WARN__DUPLICATE_METHOD_MATCH = YES;
				COPY_PHASE_STRIP = NO;
				DEBUG_INFORMATION_FORMAT = "dwarf-with-dsym";
				ENABLE_NS_ASSERTIONS = NO;
				ENABLE_STRICT_OBJC_MSGSEND = YES;
				ENABLE_USER_SCRIPT_SANDBOXING = YES;
				GCC_C_LANGUAGE_STANDARD = gnu17;
				GCC_NO_COMMON_BLOCKS = YES;
				GCC_WARN_64_TO_32_BIT_CONVERSION = YES;
				GCC_WARN_ABOUT_RETURN_TYPE = YES_ERROR;
				GCC_WARN_UNDECLARED_SELECTOR = YES;
				GCC_WARN_UNINITIALIZED_AUTOS = YES_AGGRESSIVE;
				GCC_WARN_UNUSED_FUNCTION = YES;
				GCC_WARN_UNUSED_VARIABLE = YES;
				LOCALIZATION_PREFERS_STRING_CATALOGS = YES;
				MTL_ENABLE_DEBUG_INFO = NO;
				MTL_FAST_MATH = YES;
				SDKROOT = iphoneos;
				SWIFT_COMPILATION_MODE = wholemodule;
				VALIDATE_PRODUCT = YES;
			};
			name = Release;
		};
/* End XCBuildConfiguration section */

/* Begin XCConfigurationList section */
		8A6F6B1C2D3E4F5000000060 /* Build configuration list for PBXNativeTarget "CarbonListKitExample" */ = {
			isa = XCConfigurationList;
			buildConfigurations = (
				8A6F6B1C2D3E4F5000000061 /* Debug */,
				8A6F6B1C2D3E4F5000000062 /* Release */,
			);
			defaultConfigurationIsVisible = 0;
			defaultConfigurationName = Release;
		};
		8A6F6B1C2D3E4F5000000080 /* Build configuration list for PBXProject "CarbonListKitExample" */ = {
			isa = XCConfigurationList;
			buildConfigurations = (
				8A6F6B1C2D3E4F5000000081 /* Debug */,
				8A6F6B1C2D3E4F5000000082 /* Release */,
			);
			defaultConfigurationIsVisible = 0;
			defaultConfigurationName = Release;
		};
/* End XCConfigurationList section */

/* Begin XCLocalSwiftPackageReference section */
		8A6F6B1C2D3E4F5000000030 /* XCLocalSwiftPackageReference "../" */ = {
			isa = XCLocalSwiftPackageReference;
			relativePath = ../;
		};
/* End XCLocalSwiftPackageReference section */

/* Begin XCRemoteSwiftPackageReference section */
		8A6F6B1C2D3E4F5000000033 /* XCRemoteSwiftPackageReference "Kingfisher" */ = {
			isa = XCRemoteSwiftPackageReference;
			repositoryURL = "https://github.com/onevcat/Kingfisher.git";
			requirement = {
				kind = upToNextMajorVersion;
				minimumVersion = 8.0.0;
			};
		};
/* End XCRemoteSwiftPackageReference section */

/* Begin XCSwiftPackageProductDependency section */
		8A6F6B1C2D3E4F5000000031 /* CarbonListKit */ = {
			isa = XCSwiftPackageProductDependency;
			package = 8A6F6B1C2D3E4F5000000030 /* XCLocalSwiftPackageReference "../" */;
			productName = CarbonListKit;
		};
		8A6F6B1C2D3E4F5000000032 /* Kingfisher */ = {
			isa = XCSwiftPackageProductDependency;
			package = 8A6F6B1C2D3E4F5000000033 /* XCRemoteSwiftPackageReference "Kingfisher" */;
			productName = Kingfisher;
		};
/* End XCSwiftPackageProductDependency section */
	};
	rootObject = 8A6F6B1C2D3E4F5000000070 /* Project object */;
}
